
Microsoft Visual Studio Solution File, Format Version 12.00
# Visual Studio 2013
VisualStudioVersion = 12.0.30501.0
MinimumVisualStudioVersion = 10.0.40219.1
Project("{FAE04EC0-301F-11D3-BF4B-00C04F79EFBC}") = "Escala_Y_Rotacion", "Escala_Y_Rotacion\Escala_Y_Rotacion\Escala_Y_Rotacion.csproj", "{12F1CC2D-49F2-446E-AE38-9A2254A9D746}"
EndProject
Project("{FAE04EC0-301F-11D3-BF4B-00C04F79EFBC}") = "Escala_Y_Rotacion.iOS", "Escala_Y_Rotacion\Escala_Y_Rotacion.iOS\Escala_Y_Rotacion.iOS.csproj", "{C3E9D211-5D91-46B8-91A3-C6F202B1A940}"
EndProject
Project("{FAE04EC0-301F-11D3-BF4B-00C04F79EFBC}") = "Escala_Y_Rotacion.Android", "Escala_Y_Rotacion\Escala_Y_Rotacion.Android\Escala_Y_Rotacion.Android.csproj", "{BDD9DA94-AE4B-4C59-8B38-35E9202951D1}"
EndProject
Project("{FAE04EC0-301F-11D3-BF4B-00C04F79EFBC}") = "Escala_Y_Rotacion.WinPhone", "Escala_Y_Rotacion\Escala_Y_Rotacion.WinPhone\Escala_Y_Rotacion.WinPhone.csproj", "{5A1FB12E-ACBC-463B-BEA4-E639839883BC}"
EndProject
Global
	GlobalSection(SolutionConfigurationPlatforms) = preSolution
		Ad-Hoc|Any CPU = Ad-Hoc|Any CPU
		Ad-Hoc|ARM = Ad-Hoc|ARM
		Ad-Hoc|iPhone = Ad-Hoc|iPhone
		Ad-Hoc|iPhoneSimulator = Ad-Hoc|iPhoneSimulator
		Ad-Hoc|Mixed Platforms = Ad-Hoc|Mixed Platforms
		Ad-Hoc|x86 = Ad-Hoc|x86
		AppStore|Any CPU = AppStore|Any CPU
		AppStore|ARM = AppStore|ARM
		AppStore|iPhone = AppStore|iPhone
		AppStore|iPhoneSimulator = AppStore|iPhoneSimulator
		AppStore|Mixed Platforms = AppStore|Mixed Platforms
		AppStore|x86 = AppStore|x86
		Debug|Any CPU = Debug|Any CPU
		Debug|ARM = Debug|ARM
		Debug|iPhone = Debug|iPhone
		Debug|iPhoneSimulator = Debug|iPhoneSimulator
		Debug|Mixed Platforms = Debug|Mixed Platforms
		Debug|x86 = Debug|x86
		Release|Any CPU = Release|Any CPU
		Release|ARM = Release|ARM
		Release|iPhone = Release|iPhone
		Release|iPhoneSimulator = Release|iPhoneSimulator
		Release|Mixed Platforms = Release|Mixed Platforms
		Release|x86 = Release|x86
	EndGlobalSection
	GlobalSection(ProjectConfigurationPlatforms) = postSolution
		{12F1CC2D-49F2-446E-AE38-9A2254A9D746}.Ad-Hoc|Any CPU.ActiveCfg = Release|Any CPU
		{12F1CC2D-49F2-446E-AE38-9A2254A9D746}.Ad-Hoc|Any CPU.Build.0 = Release|Any CPU
		{12F1CC2D-49F2-446E-AE38-9A2254A9D746}.Ad-Hoc|ARM.ActiveCfg = Release|Any CPU
		{12F1CC2D-49F2-446E-AE38-9A2254A9D746}.Ad-Hoc|iPhone.ActiveCfg = Release|Any CPU
		{12F1CC2D-49F2-446E-AE38-9A2254A9D746}.Ad-Hoc|iPhoneSimulator.ActiveCfg = Release|Any CPU
		{12F1CC2D-49F2-446E-AE38-9A2254A9D746}.Ad-Hoc|Mixed Platforms.ActiveCfg = Release|Any CPU
		{12F1CC2D-49F2-446E-AE38-9A2254A9D746}.Ad-Hoc|Mixed Platforms.Build.0 = Release|Any CPU
		{12F1CC2D-49F2-446E-AE38-9A2254A9D746}.Ad-Hoc|x86.ActiveCfg = Release|Any CPU
		{12F1CC2D-49F2-446E-AE38-9A2254A9D746}.AppStore|Any CPU.ActiveCfg = Release|Any CPU
		{12F1CC2D-49F2-446E-AE38-9A2254A9D746}.AppStore|Any CPU.Build.0 = Release|Any CPU
		{12F1CC2D-49F2-446E-AE38-9A2254A9D746}.AppStore|ARM.ActiveCfg = Release|Any CPU
		{12F1CC2D-49F2-446E-AE38-9A2254A9D746}.AppStore|iPhone.ActiveCfg = Release|Any CPU
		{12F1CC2D-49F2-446E-AE38-9A2254A9D746}.AppStore|iPhoneSimulator.ActiveCfg = Release|Any CPU
		{12F1CC2D-49F2-446E-AE38-9A2254A9D746}.AppStore|Mixed Platforms.ActiveCfg = Release|Any CPU
		{12F1CC2D-49F2-446E-AE38-9A2254A9D746}.AppStore|Mixed Platforms.Build.0 = Release|Any CPU
		{12F1CC2D-49F2-446E-AE38-9A2254A9D746}.AppStore|x86.ActiveCfg = Release|Any CPU
		{12F1CC2D-49F2-446E-AE38-9A2254A9D746}.Debug|Any CPU.ActiveCfg = Debug|Any CPU
		{12F1CC2D-49F2-446E-AE38-9A2254A9D746}.Debug|Any CPU.Build.0 = Debug|Any CPU
		{12F1CC2D-49F2-446E-AE38-9A2254A9D746}.Debug|ARM.ActiveCfg = Debug|Any CPU
		{12F1CC2D-49F2-446E-AE38-9A2254A9D746}.Debug|iPhone.ActiveCfg = Debug|Any CPU
		{12F1CC2D-49F2-446E-AE38-9A2254A9D746}.Debug|iPhoneSimulator.ActiveCfg = Debug|Any CPU
		{12F1CC2D-49F2-446E-AE38-9A2254A9D746}.Debug|Mixed Platforms.ActiveCfg = Debug|Any CPU
		{12F1CC2D-49F2-446E-AE38-9A2254A9D746}.Debug|Mixed Platforms.Build.0 = Debug|Any CPU
		{12F1CC2D-49F2-446E-AE38-9A2254A9D746}.Debug|x86.ActiveCfg = Debug|Any CPU
		{12F1CC2D-49F2-446E-AE38-9A2254A9D746}.Release|Any CPU.ActiveCfg = Release|Any CPU
		{12F1CC2D-49F2-446E-AE38-9A2254A9D746}.Release|Any CPU.Build.0 = Release|Any CPU
		{12F1CC2D-49F2-446E-AE38-9A2254A9D746}.Release|ARM.ActiveCfg = Release|Any CPU
		{12F1CC2D-49F2-446E-AE38-9A2254A9D746}.Release|iPhone.ActiveCfg = Release|Any CPU
		{12F1CC2D-49F2-446E-AE38-9A2254A9D746}.Release|iPhoneSimulator.ActiveCfg = Release|Any CPU
		{12F1CC2D-49F2-446E-AE38-9A2254A9D746}.Release|Mixed Platforms.ActiveCfg = Release|Any CPU
		{12F1CC2D-49F2-446E-AE38-9A2254A9D746}.Release|Mixed Platforms.Build.0 = Release|Any CPU
		{12F1CC2D-49F2-446E-AE38-9A2254A9D746}.Release|x86.ActiveCfg = Release|Any CPU
		{C3E9D211-5D91-46B8-91A3-C6F202B1A940}.Ad-Hoc|Any CPU.ActiveCfg = Ad-Hoc|iPhone
		{C3E9D211-5D91-46B8-91A3-C6F202B1A940}.Ad-Hoc|ARM.ActiveCfg = Ad-Hoc|iPhone
		{C3E9D211-5D91-46B8-91A3-C6F202B1A940}.Ad-Hoc|iPhone.ActiveCfg = Ad-Hoc|iPhone
		{C3E9D211-5D91-46B8-91A3-C6F202B1A940}.Ad-Hoc|iPhone.Build.0 = Ad-Hoc|iPhone
		{C3E9D211-5D91-46B8-91A3-C6F202B1A940}.Ad-Hoc|iPhone.Deploy.0 = Ad-Hoc|iPhone
		{C3E9D211-5D91-46B8-91A3-C6F202B1A940}.Ad-Hoc|iPhoneSimulator.ActiveCfg = Ad-Hoc|iPhoneSimulator
		{C3E9D211-5D91-46B8-91A3-C6F202B1A940}.Ad-Hoc|iPhoneSimulator.Build.0 = Ad-Hoc|iPhoneSimulator
		{C3E9D211-5D91-46B8-91A3-C6F202B1A940}.Ad-Hoc|iPhoneSimulator.Deploy.0 = Ad-Hoc|iPhoneSimulator
		{C3E9D211-5D91-46B8-91A3-C6F202B1A940}.Ad-Hoc|Mixed Platforms.ActiveCfg = Ad-Hoc|iPhone
		{C3E9D211-5D91-46B8-91A3-C6F202B1A940}.Ad-Hoc|Mixed Platforms.Build.0 = Ad-Hoc|iPhone
		{C3E9D211-5D91-46B8-91A3-C6F202B1A940}.Ad-Hoc|Mixed Platforms.Deploy.0 = Ad-Hoc|iPhone
		{C3E9D211-5D91-46B8-91A3-C6F202B1A940}.Ad-Hoc|x86.ActiveCfg = Ad-Hoc|iPhone
		{C3E9D211-5D91-46B8-91A3-C6F202B1A940}.AppStore|Any CPU.ActiveCfg = AppStore|iPhone
		{C3E9D211-5D91-46B8-91A3-C6F202B1A940}.AppStore|ARM.ActiveCfg = AppStore|iPhone
		{C3E9D211-5D91-46B8-91A3-C6F202B1A940}.AppStore|iPhone.ActiveCfg = AppStore|iPhone
		{C3E9D211-5D91-46B8-91A3-C6F202B1A940}.AppStore|iPhone.Build.0 = AppStore|iPhone
		{C3E9D211-5D91-46B8-91A3-C6F202B1A940}.AppStore|iPhone.Deploy.0 = AppStore|iPhone
		{C3E9D211-5D91-46B8-91A3-C6F202B1A940}.AppStore|iPhoneSimulator.ActiveCfg = AppStore|iPhoneSimulator
		{C3E9D211-5D91-46B8-91A3-C6F202B1A940}.AppStore|iPhoneSimulator.Build.0 = AppStore|iPhoneSimulator
		{C3E9D211-5D91-46B8-91A3-C6F202B1A940}.AppStore|iPhoneSimulator.Deploy.0 = AppStore|iPhoneSimulator
		{C3E9D211-5D91-46B8-91A3-C6F202B1A940}.AppStore|Mixed Platforms.ActiveCfg = AppStore|iPhone
		{C3E9D211-5D91-46B8-91A3-C6F202B1A940}.AppStore|Mixed Platforms.Build.0 = AppStore|iPhone
		{C3E9D211-5D91-46B8-91A3-C6F202B1A940}.AppStore|Mixed Platforms.Deploy.0 = AppStore|iPhone
		{C3E9D211-5D91-46B8-91A3-C6F202B1A940}.AppStore|x86.ActiveCfg = AppStore|iPhone
		{C3E9D211-5D91-46B8-91A3-C6F202B1A940}.Debug|Any CPU.ActiveCfg = Debug|iPhone
		{C3E9D211-5D91-46B8-91A3-C6F202B1A940}.Debug|ARM.ActiveCfg = Debug|iPhone
		{C3E9D211-5D91-46B8-91A3-C6F202B1A940}.Debug|iPhone.ActiveCfg = Debug|iPhone
		{C3E9D211-5D91-46B8-91A3-C6F202B1A940}.Debug|iPhone.Build.0 = Debug|iPhone
		{C3E9D211-5D91-46B8-91A3-C6F202B1A940}.Debug|iPhone.Deploy.0 = Debug|iPhone
		{C3E9D211-5D91-46B8-91A3-C6F202B1A940}.Debug|iPhoneSimulator.ActiveCfg = Debug|iPhoneSimulator
		{C3E9D211-5D91-46B8-91A3-C6F202B1A940}.Debug|iPhoneSimulator.Build.0 = Debug|iPhoneSimulator
		{C3E9D211-5D91-46B8-91A3-C6F202B1A940}.Debug|iPhoneSimulator.Deploy.0 = Debug|iPhoneSimulator
		{C3E9D211-5D91-46B8-91A3-C6F202B1A940}.Debug|Mixed Platforms.ActiveCfg = Debug|iPhone
		{C3E9D211-5D91-46B8-91A3-C6F202B1A940}.Debug|Mixed Platforms.Build.0 = Debug|iPhone
		{C3E9D211-5D91-46B8-91A3-C6F202B1A940}.Debug|Mixed Platforms.Deploy.0 = Debug|iPhone
		{C3E9D211-5D91-46B8-91A3-C6F202B1A940}.Debug|x86.ActiveCfg = Debug|iPhone
		{C3E9D211-5D91-46B8-91A3-C6F202B1A940}.Release|Any CPU.ActiveCfg = Release|iPhone
		{C3E9D211-5D91-46B8-91A3-C6F202B1A940}.Release|ARM.ActiveCfg = Release|iPhone
		{C3E9D211-5D91-46B8-91A3-C6F202B1A940}.Release|iPhone.ActiveCfg = Release|iPhone
		{C3E9D211-5D91-46B8-91A3-C6F202B1A940}.Release|iPhone.Build.0 = Release|iPhone
		{C3E9D211-5D91-46B8-91A3-C6F202B1A940}.Release|iPhone.Deploy.0 = Release|iPhone
		{C3E9D211-5D91-46B8-91A3-C6F202B1A940}.Release|iPhoneSimulator.ActiveCfg = Release|iPhoneSimulator
		{C3E9D211-5D91-46B8-91A3-C6F202B1A940}.Release|iPhoneSimulator.Build.0 = Release|iPhoneSimulator
		{C3E9D211-5D91-46B8-91A3-C6F202B1A940}.Release|iPhoneSimulator.Deploy.0 = Release|iPhoneSimulator
		{C3E9D211-5D91-46B8-91A3-C6F202B1A940}.Release|Mixed Platforms.ActiveCfg = Release|iPhone
		{C3E9D211-5D91-46B8-91A3-C6F202B1A940}.Release|Mixed Platforms.Build.0 = Release|iPhone
		{C3E9D211-5D91-46B8-91A3-C6F202B1A940}.Release|Mixed Platforms.Deploy.0 = Release|iPhone
		{C3E9D211-5D91-46B8-91A3-C6F202B1A940}.Release|x86.ActiveCfg = Release|iPhone
		{BDD9DA94-AE4B-4C59-8B38-35E9202951D1}.Ad-Hoc|Any CPU.ActiveCfg = Release|Any CPU
		{BDD9DA94-AE4B-4C59-8B38-35E9202951D1}.Ad-Hoc|Any CPU.Build.0 = Release|Any CPU
		{BDD9DA94-AE4B-4C59-8B38-35E9202951D1}.Ad-Hoc|Any CPU.Deploy.0 = Release|Any CPU
		{BDD9DA94-AE4B-4C59-8B38-35E9202951D1}.Ad-Hoc|ARM.ActiveCfg = Release|Any CPU
		{BDD9DA94-AE4B-4C59-8B38-35E9202951D1}.Ad-Hoc|iPhone.ActiveCfg = Release|Any CPU
		{BDD9DA94-AE4B-4C59-8B38-35E9202951D1}.Ad-Hoc|iPhoneSimulator.ActiveCfg = Release|Any CPU
		{BDD9DA94-AE4B-4C59-8B38-35E9202951D1}.Ad-Hoc|Mixed Platforms.ActiveCfg = Release|Any CPU
		{BDD9DA94-AE4B-4C59-8B38-35E9202951D1}.Ad-Hoc|Mixed Platforms.Build.0 = Release|Any CPU
		{BDD9DA94-AE4B-4C59-8B38-35E9202951D1}.Ad-Hoc|Mixed Platforms.Deploy.0 = Release|Any CPU
		{BDD9DA94-AE4B-4C59-8B38-35E9202951D1}.Ad-Hoc|x86.ActiveCfg = Release|Any CPU
		{BDD9DA94-AE4B-4C59-8B38-35E9202951D1}.AppStore|Any CPU.ActiveCfg = Release|Any CPU
		{BDD9DA94-AE4B-4C59-8B38-35E9202951D1}.AppStore|Any CPU.Build.0 = Release|Any CPU
		{BDD9DA94-AE4B-4C59-8B38-35E9202951D1}.AppStore|Any CPU.Deploy.0 = Release|Any CPU
		{BDD9DA94-AE4B-4C59-8B38-35E9202951D1}.AppStore|ARM.ActiveCfg = Release|Any CPU
		{BDD9DA94-AE4B-4C59-8B38-35E9202951D1}.AppStore|iPhone.ActiveCfg = Release|Any CPU
		{BDD9DA94-AE4B-4C59-8B38-35E9202951D1}.AppStore|iPhoneSimulator.ActiveCfg = Release|Any CPU
		{BDD9DA94-AE4B-4C59-8B38-35E9202951D1}.AppStore|Mixed Platforms.ActiveCfg = Release|Any CPU
		{BDD9DA94-AE4B-4C59-8B38-35E9202951D1}.AppStore|Mixed Platforms.Build.0 = Release|Any CPU
		{BDD9DA94-AE4B-4C59-8B38-35E9202951D1}.AppStore|Mixed Platforms.Deploy.0 = Release|Any CPU
		{BDD9DA94-AE4B-4C59-8B38-35E9202951D1}.AppStore|x86.ActiveCfg = Release|Any CPU
		{BDD9DA94-AE4B-4C59-8B38-35E9202951D1}.Debug|Any CPU.ActiveCfg = Debug|Any CPU
		{BDD9DA94-AE4B-4C59-8B38-35E9202951D1}.Debug|Any CPU.Build.0 = Debug|Any CPU
		{BDD9DA94-AE4B-4C59-8B38-35E9202951D1}.Debug|Any CPU.Deploy.0 = Debug|Any CPU
		{BDD9DA94-AE4B-4C59-8B38-35E9202951D1}.Debug|ARM.ActiveCfg = Debug|Any CPU
		{BDD9DA94-AE4B-4C59-8B38-35E9202951D1}.Debug|iPhone.ActiveCfg = Debug|Any CPU
		{BDD9DA94-AE4B-4C59-8B38-35E9202951D1}.Debug|iPhoneSimulator.ActiveCfg = Debug|Any CPU
		{BDD9DA94-AE4B-4C59-8B38-35E9202951D1}.Debug|Mixed Platforms.ActiveCfg = Debug|Any CPU
		{BDD9DA94-AE4B-4C59-8B38-35E9202951D1}.Debug|Mixed Platforms.Build.0 = Debug|Any CPU
		{BDD9DA94-AE4B-4C59-8B38-35E9202951D1}.Debug|Mixed Platforms.Deploy.0 = Debug|Any CPU
		{BDD9DA94-AE4B-4C59-8B38-35E9202951D1}.Debug|x86.ActiveCfg = Debug|Any CPU
		{BDD9DA94-AE4B-4C59-8B38-35E9202951D1}.Release|Any CPU.ActiveCfg = Release|Any CPU
		{BDD9DA94-AE4B-4C59-8B38-35E9202951D1}.Release|Any CPU.Build.0 = Release|Any CPU
		{BDD9DA94-AE4B-4C59-8B38-35E9202951D1}.Release|Any CPU.Deploy.0 = Release|Any CPU
		{BDD9DA94-AE4B-4C59-8B38-35E9202951D1}.Release|ARM.ActiveCfg = Release|Any CPU
		{BDD9DA94-AE4B-4C59-8B38-35E9202951D1}.Release|iPhone.ActiveCfg = Release|Any CPU
		{BDD9DA94-AE4B-4C59-8B38-35E9202951D1}.Release|iPhoneSimulator.ActiveCfg = Release|Any CPU
		{BDD9DA94-AE4B-4C59-8B38-35E9202951D1}.Release|Mixed Platforms.ActiveCfg = Release|Any CPU
		{BDD9DA94-AE4B-4C59-8B38-35E9202951D1}.Release|Mixed Platforms.Build.0 = Release|Any CPU
		{BDD9DA94-AE4B-4C59-8B38-35E9202951D1}.Release|Mixed Platforms.Deploy.0 = Release|Any CPU
		{BDD9DA94-AE4B-4C59-8B38-35E9202951D1}.Release|x86.ActiveCfg = Release|Any CPU
		{5A1FB12E-ACBC-463B-BEA4-E639839883BC}.Ad-Hoc|Any CPU.ActiveCfg = Release|Any CPU
		{5A1FB12E-ACBC-463B-BEA4-E639839883BC}.Ad-Hoc|Any CPU.Build.0 = Release|Any CPU
		{5A1FB12E-ACBC-463B-BEA4-E639839883BC}.Ad-Hoc|Any CPU.Deploy.0 = Release|Any CPU
		{5A1FB12E-ACBC-463B-BEA4-E639839883BC}.Ad-Hoc|ARM.ActiveCfg = Release|ARM
		{5A1FB12E-ACBC-463B-BEA4-E639839883BC}.Ad-Hoc|ARM.Build.0 = Release|ARM
		{5A1FB12E-ACBC-463B-BEA4-E639839883BC}.Ad-Hoc|ARM.Deploy.0 = Release|ARM
		{5A1FB12E-ACBC-463B-BEA4-E639839883BC}.Ad-Hoc|iPhone.ActiveCfg = Release|Any CPU
		{5A1FB12E-ACBC-463B-BEA4-E639839883BC}.Ad-Hoc|iPhoneSimulator.ActiveCfg = Release|Any CPU
		{5A1FB12E-ACBC-463B-BEA4-E639839883BC}.Ad-Hoc|Mixed Platforms.ActiveCfg = Release|x86
		{5A1FB12E-ACBC-463B-BEA4-E639839883BC}.Ad-Hoc|Mixed Platforms.Build.0 = Release|x86
		{5A1FB12E-ACBC-463B-BEA4-E639839883BC}.Ad-Hoc|Mixed Platforms.Deploy.0 = Release|x86
		{5A1FB12E-ACBC-463B-BEA4-E639839883BC}.Ad-Hoc|x86.ActiveCfg = Release|x86
		{5A1FB12E-ACBC-463B-BEA4-E639839883BC}.Ad-Hoc|x86.Build.0 = Release|x86
		{5A1FB12E-ACBC-463B-BEA4-E639839883BC}.Ad-Hoc|x86.Deploy.0 = Release|x86
		{5A1FB12E-ACBC-463B-BEA4-E639839883BC}.AppStore|Any CPU.ActiveCfg = Release|Any CPU
		{5A1FB12E-ACBC-463B-BEA4-E639839883BC}.AppStore|Any CPU.Build.0 = Release|Any CPU
		{5A1FB12E-ACBC-463B-BEA4-E639839883BC}.AppStore|Any CPU.Deploy.0 = Release|Any CPU
		{5A1FB12E-ACBC-463B-BEA4-E639839883BC}.AppStore|ARM.ActiveCfg = Release|ARM
		{5A1FB12E-ACBC-463B-BEA4-E639839883BC}.AppStore|ARM.Build.0 = Release|ARM
		{5A1FB12E-ACBC-463B-BEA4-E639839883BC}.AppStore|ARM.Deploy.0 = Release|ARM
		{5A1FB12E-ACBC-463B-BEA4-E639839883BC}.AppStore|iPhone.ActiveCfg = Release|Any CPU
		{5A1FB12E-ACBC-463B-BEA4-E639839883BC}.AppStore|iPhoneSimulator.ActiveCfg = Release|Any CPU
		{5A1FB12E-ACBC-463B-BEA4-E639839883BC}.AppStore|Mixed Platforms.ActiveCfg = Release|x86
		{5A1FB12E-ACBC-463B-BEA4-E639839883BC}.AppStore|Mixed Platforms.Build.0 = Release|x86
		{5A1FB12E-ACBC-463B-BEA4-E639839883BC}.AppStore|Mixed Platforms.Deploy.0 = Release|x86
		{5A1FB12E-ACBC-463B-BEA4-E639839883BC}.AppStore|x86.ActiveCfg = Release|x86
		{5A1FB12E-ACBC-463B-BEA4-E639839883BC}.AppStore|x86.Build.0 = Release|x86
		{5A1FB12E-ACBC-463B-BEA4-E639839883BC}.AppStore|x86.Deploy.0 = Release|x86
		{5A1FB12E-ACBC-463B-BEA4-E639839883BC}.Debug|Any CPU.ActiveCfg = Debug|Any CPU
		{5A1FB12E-ACBC-463B-BEA4-E639839883BC}.Debug|Any CPU.Build.0 = Debug|Any CPU
		{5A1FB12E-ACBC-463B-BEA4-E639839883BC}.Debug|Any CPU.Deploy.0 = Debug|Any CPU
		{5A1FB12E-ACBC-463B-BEA4-E639839883BC}.Debug|ARM.ActiveCfg = Debug|ARM
		{5A1FB12E-ACBC-463B-BEA4-E639839883BC}.Debug|ARM.Build.0 = Debug|ARM
		{5A1FB12E-ACBC-463B-BEA4-E639839883BC}.Debug|ARM.Deploy.0 = Debug|ARM
		{5A1FB12E-ACBC-463B-BEA4-E639839883BC}.Debug|iPhone.ActiveCfg = Debug|Any CPU
		{5A1FB12E-ACBC-463B-BEA4-E639839883BC}.Debug|iPhoneSimulator.ActiveCfg = Debug|Any CPU
		{5A1FB12E-ACBC-463B-BEA4-E639839883BC}.Debug|Mixed Platforms.ActiveCfg = Debug|x86
		{5A1FB12E-ACBC-463B-BEA4-E639839883BC}.Debug|Mixed Platforms.Build.0 = Debug|x86
		{5A1FB12E-ACBC-463B-BEA4-E639839883BC}.Debug|Mixed Platforms.Deploy.0 = Debug|x86
		{5A1FB12E-ACBC-463B-BEA4-E639839883BC}.Debug|x86.ActiveCfg = Debug|x86
		{5A1FB12E-ACBC-463B-BEA4-E639839883BC}.Debug|x86.Build.0 = Debug|x86
		{5A1FB12E-ACBC-463B-BEA4-E639839883BC}.Debug|x86.Deploy.0 = Debug|x86
		{5A1FB12E-ACBC-463B-BEA4-E639839883BC}.Release|Any CPU.ActiveCfg = Release|Any CPU
		{5A1FB12E-ACBC-463B-BEA4-E639839883BC}.Release|Any CPU.Build.0 = Release|Any CPU
		{5A1FB12E-ACBC-463B-BEA4-E639839883BC}.Release|Any CPU.Deploy.0 = Release|Any CPU
		{5A1FB12E-ACBC-463B-BEA4-E639839883BC}.Release|ARM.ActiveCfg = Release|ARM
		{5A1FB12E-ACBC-463B-BEA4-E639839883BC}.Release|ARM.Build.0 = Release|ARM
		{5A1FB12E-ACBC-463B-BEA4-E639839883BC}.Release|ARM.Deploy.0 = Release|ARM
		{5A1FB12E-ACBC-463B-BEA4-E639839883BC}.Release|iPhone.ActiveCfg = Release|Any CPU
		{5A1FB12E-ACBC-463B-BEA4-E639839883BC}.Release|iPhoneSimulator.ActiveCfg = Release|Any CPU
		{5A1FB12E-ACBC-463B-BEA4-E639839883BC}.Release|Mixed Platforms.ActiveCfg = Release|x86
		{5A1FB12E-ACBC-463B-BEA4-E639839883BC}.Release|Mixed Platforms.Build.0 = Release|x86
		{5A1FB12E-ACBC-463B-BEA4-E639839883BC}.Release|Mixed Platforms.Deploy.0 = Release|x86
		{5A1FB12E-ACBC-463B-BEA4-E639839883BC}.Release|x86.ActiveCfg = Release|x86
		{5A1FB12E-ACBC-463B-BEA4-E639839883BC}.Release|x86.Build.0 = Release|x86
		{5A1FB12E-ACBC-463B-BEA4-E639839883BC}.Release|x86.Deploy.0 = Release|x86
	EndGlobalSection
	GlobalSection(SolutionProperties) = preSolution
		HideSolutionNode = FALSE
	EndGlobalSection
EndGlobal
